
Microsoft Visual Studio Solution File, Format Version 12.00
# Visual Studio Version 17
VisualStudioVersion = 17.5.002.0
MinimumVisualStudioVersion = 10.0.40219.1
Project("{9A19103F-16F7-4668-BE54-9A1E7A4F7556}") = "openfhe01", "openfhe01.csproj", "{21EB0E1A-FD38-4B23-9E76-C72EC57EF0CD}"
EndProject
Global
	GlobalSection(SolutionConfigurationPlatforms) = preSolution
		Debug|Any CPU = Debug|Any CPU
		Release|Any CPU = Release|Any CPU
	EndGlobalSection
	GlobalSection(ProjectConfigurationPlatforms) = postSolution
		{21EB0E1A-FD38-4B23-9E76-C72EC57EF0CD}.Debug|Any CPU.ActiveCfg = Debug|Any CPU
		{21EB0E1A-FD38-4B23-9E76-C72EC57EF0CD}.Debug|Any CPU.Build.0 = Debug|Any CPU
		{21EB0E1A-FD38-4B23-9E76-C72EC57EF0CD}.Release|Any CPU.ActiveCfg = Release|Any CPU
		{21EB0E1A-FD38-4B23-9E76-C72EC57EF0CD}.Release|Any CPU.Build.0 = Release|Any CPU
	EndGlobalSection
	GlobalSection(SolutionProperties) = preSolution
		HideSolutionNode = FALSE
	EndGlobalSection
	GlobalSection(ExtensibilityGlobals) = postSolution
		SolutionGuid = {FBA47CE5-ED64-4C9D-B433-06050A29EE55}
	EndGlobalSection
EndGlobal
